# THIS IS AN AUTOGENERATED FILE. DO NOT EDIT THIS FILE DIRECTLY.
# yarn lockfile v1


"@types/node@^24.9.1":
  version "24.9.1"
  resolved "https://registry.yarnpkg.com/@types/node/-/node-24.9.1.tgz#b7360b3c789089e57e192695a855aa4f6981a53c"
  integrity sha512-QoiaXANRkSXK6p0Duvt56W208du4P9Uye9hWLWgGMDTEoKPhuenzNcC4vGUmrNkiOKTlIrBoyNQYNpSwfEZXSg==
  dependencies:
    undici-types "~7.16.0"

"@types/react-dom@^19.2.2":
  version "19.2.2"
  resolved "https://registry.yarnpkg.com/@types/react-dom/-/react-dom-19.2.2.tgz#a4cc874797b7ddc9cb180ef0d5dc23f596fc2332"
  integrity sha512-9KQPoO6mZCi7jcIStSnlOWn2nEF3mNmyr3rIAsGnAbQKYbRLyqmeSc39EVgtxXVia+LMT8j3knZLAZAh+xLmrw==

"@types/react@^19.2.2":
  version "19.2.2"
  resolved "https://registry.yarnpkg.com/@types/react/-/react-19.2.2.tgz#ba123a75d4c2a51158697160a4ea2ff70aa6bf36"
  integrity sha512-6mDvHUFSjyT2B2yeNx2nUgMxh9LtOWvkhIU3uePn2I2oyNymUAX1NIsdgviM4CH+JSrp2D2hsMvJOkxY+0wNRA==
  dependencies:
    csstype "^3.0.2"

csstype@^3.0.2:
  version "3.1.3"
  resolved "https://registry.yarnpkg.com/csstype/-/csstype-3.1.3.tgz#d80ff294d114fb0e6ac500fbf85b60137d7eff81"
  integrity sha512-M1uQkMl8rQK/szD0LNhtqxIPLpimGm8sOBwU7lLnCpSbTyY3yeU1Vc7l4KT5zT4s/yOxHH5O7tIuuLOCnLADRw==

undici-types@~7.16.0:
  version "7.16.0"
  resolved "https://registry.yarnpkg.com/undici-types/-/undici-types-7.16.0.tgz#ffccdff36aea4884cbfce9a750a0580224f58a46"
  integrity sha512-Zz+aZWSj8LE6zoxD+xrjh4VfkIG8Ya6LvYkZqtUQGJPZjYl53ypCaUwWqo7eI0x66KBGeRo+mlBEkMSeSZ38Nw==

"vtex.add-to-cart-button@http://vtex.vtexassets.com/_v/public/typings/v1/vtex.add-to-cart-button@0.31.0/public/@types/vtex.add-to-cart-button":
  version "0.31.0"
  resolved "http://vtex.vtexassets.com/_v/public/typings/v1/vtex.add-to-cart-button@0.31.0/public/@types/vtex.add-to-cart-button#fd1750650eb0b919b93a6d5e4d61d25074cda2a4"

"vtex.breadcrumb@http://vtex.vtexassets.com/_v/public/typings/v1/vtex.breadcrumb@1.9.5/public/@types/vtex.breadcrumb":
  version "1.9.5"
  resolved "http://vtex.vtexassets.com/_v/public/typings/v1/vtex.breadcrumb@1.9.5/public/@types/vtex.breadcrumb#261c73e9840f168c36ce30e687982a227728ab86"

"vtex.checkout-summary@http://vtex.vtexassets.com/_v/public/typings/v1/vtex.checkout-summary@0.22.0/public/@types/vtex.checkout-summary":
  version "0.22.0"
  resolved "http://vtex.vtexassets.com/_v/public/typings/v1/vtex.checkout-summary@0.22.0/public/@types/vtex.checkout-summary#c6d3dbd76be90cd18c4a6e03a00284dc4f12f352"

"vtex.disclosure-layout@http://vtex.vtexassets.com/_v/public/typings/v1/vtex.disclosure-layout@1.0.3/public/@types/vtex.disclosure-layout":
  version "1.0.3"
  resolved "http://vtex.vtexassets.com/_v/public/typings/v1/vtex.disclosure-layout@1.0.3/public/@types/vtex.disclosure-layout#15590cd6a3f23e5a7591d76ad1a44b5c0c6a088a"

"vtex.flex-layout@http://vtex.vtexassets.com/_v/public/typings/v1/vtex.flex-layout@0.21.5/public/@types/vtex.flex-layout":
  version "0.21.5"
  resolved "http://vtex.vtexassets.com/_v/public/typings/v1/vtex.flex-layout@0.21.5/public/@types/vtex.flex-layout#732a9584402f5a97308c079beffa41d839b4c06a"

"vtex.iframe@http://vtex.vtexassets.com/_v/public/typings/v1/vtex.iframe@0.8.0/public/@types/vtex.iframe":
  version "0.8.0"
  resolved "http://vtex.vtexassets.com/_v/public/typings/v1/vtex.iframe@0.8.0/public/@types/vtex.iframe#201ccc038cec1a5eeb5e1e5a751a7337268d198e"

"vtex.locale-switcher@http://vtex.vtexassets.com/_v/public/typings/v1/vtex.locale-switcher@0.5.6/public/@types/vtex.locale-switcher":
  version "0.5.6"
  resolved "http://vtex.vtexassets.com/_v/public/typings/v1/vtex.locale-switcher@0.5.6/public/@types/vtex.locale-switcher#5db8558af5593d65e4fff3da0903d0081dfcab42"

"vtex.login@http://vtex.vtexassets.com/_v/public/typings/v1/vtex.login@2.69.1/public/@types/vtex.login":
  version "2.69.1"
  resolved "http://vtex.vtexassets.com/_v/public/typings/v1/vtex.login@2.69.1/public/@types/vtex.login#8fd06e2ea6e65fa0232a6e9b3e986c698f0a66f2"

"vtex.menu@http://vtex.vtexassets.com/_v/public/typings/v1/vtex.menu@2.35.3/public/@types/vtex.menu":
  version "2.35.3"
  resolved "http://vtex.vtexassets.com/_v/public/typings/v1/vtex.menu@2.35.3/public/@types/vtex.menu#36f6f8bd973275e1c809c8153f41af3bfcb53417"

"vtex.minicart@http://vtex.vtexassets.com/_v/public/typings/v1/vtex.minicart@2.68.0/public/@types/vtex.minicart":
  version "2.68.0"
  resolved "http://vtex.vtexassets.com/_v/public/typings/v1/vtex.minicart@2.68.0/public/@types/vtex.minicart#8370cc2da68f149743ef1dfb4ce5b1a64095970f"

"vtex.my-account@http://vtex.vtexassets.com/_v/public/typings/v1/vtex.my-account@1.30.0/public/@types/vtex.my-account":
  version "1.30.0"
  resolved "http://vtex.vtexassets.com/_v/public/typings/v1/vtex.my-account@1.30.0/public/@types/vtex.my-account#9b64ef28d3da4044ad31fa2aac5067e4af3ebcd6"

"vtex.order-placed@http://vtex.vtexassets.com/_v/public/typings/v1/vtex.order-placed@2.19.0/public/@types/vtex.order-placed":
  version "2.19.0"
  resolved "http://vtex.vtexassets.com/_v/public/typings/v1/vtex.order-placed@2.19.0/public/@types/vtex.order-placed#277b037e919f0ff1ce75f81a5ae2393788f2cc12"

"vtex.product-context@http://vtex.vtexassets.com/_v/public/typings/v1/vtex.product-context@0.10.1/public/@types/vtex.product-context":
  version "0.10.1"
  resolved "http://vtex.vtexassets.com/_v/public/typings/v1/vtex.product-context@0.10.1/public/@types/vtex.product-context#86ceba68085420edcf54749f07e51a257d2e5d94"

"vtex.product-details@http://vtex.vtexassets.com/_v/public/typings/v1/vtex.product-details@1.22.0/public/@types/vtex.product-details":
  version "1.22.0"
  resolved "http://vtex.vtexassets.com/_v/public/typings/v1/vtex.product-details@1.22.0/public/@types/vtex.product-details#c2829a3a2c8b8f48ee273280a86859449b9835f8"

"vtex.product-identifier@http://vtex.vtexassets.com/_v/public/typings/v1/vtex.product-identifier@0.5.0/public/@types/vtex.product-identifier":
  version "0.5.0"
  resolved "http://vtex.vtexassets.com/_v/public/typings/v1/vtex.product-identifier@0.5.0/public/@types/vtex.product-identifier#f5d442b6a7ca648c61e8655a356e8588e49c43b2"

"vtex.product-kit@http://vtex.vtexassets.com/_v/public/typings/v1/vtex.product-kit@1.10.2/public/_types/react":
  version "0.0.0"
  resolved "http://vtex.vtexassets.com/_v/public/typings/v1/vtex.product-kit@1.10.2/public/_types/react#fa7a0347e046eab3dd768998fc9252b2c0dd5aef"

"vtex.product-list@http://vtex.vtexassets.com/_v/public/typings/v1/vtex.product-list@0.37.4/public/@types/vtex.product-list":
  version "0.37.4"
  resolved "http://vtex.vtexassets.com/_v/public/typings/v1/vtex.product-list@0.37.4/public/@types/vtex.product-list#49d336f38e99f7103d1da09c9f5d64de53f26c27"

"vtex.product-quantity@http://vtex.vtexassets.com/_v/public/typings/v1/vtex.product-quantity@1.10.0/public/@types/vtex.product-quantity":
  version "1.10.0"
  resolved "http://vtex.vtexassets.com/_v/public/typings/v1/vtex.product-quantity@1.10.0/public/@types/vtex.product-quantity#18d58e552c2aee248d1d9951c118922eca5c6edb"

"vtex.product-review-interfaces@http://vtex.vtexassets.com/_v/public/typings/v1/vtex.product-review-interfaces@1.0.2/public/_types/react":
  version "1.0.2"
  resolved "http://vtex.vtexassets.com/_v/public/typings/v1/vtex.product-review-interfaces@1.0.2/public/_types/react#84d1997cdae079d1401611f3d4a4619ed914673f"

"vtex.product-specification-badges@http://vtex.vtexassets.com/_v/public/typings/v1/vtex.product-specification-badges@0.4.1/public/@types/vtex.product-specification-badges":
  version "0.4.1"
  resolved "http://vtex.vtexassets.com/_v/public/typings/v1/vtex.product-specification-badges@0.4.1/public/@types/vtex.product-specification-badges#2c8416e3c69b6b4b0e73b81fff67b448743b38a3"

"vtex.product-summary@http://vtex.vtexassets.com/_v/public/typings/v1/vtex.product-summary@2.90.10/public/@types/vtex.product-summary":
  version "2.90.10"
  resolved "http://vtex.vtexassets.com/_v/public/typings/v1/vtex.product-summary@2.90.10/public/@types/vtex.product-summary#a089e1275a66a4ba820abff404efe3f871a6a7e2"

"vtex.render-runtime@http://vtex.vtexassets.com/_v/public/typings/v1/vtex.render-runtime@8.136.1/public/@types/vtex.render-runtime":
  version "8.136.1"
  resolved "http://vtex.vtexassets.com/_v/public/typings/v1/vtex.render-runtime@8.136.1/public/@types/vtex.render-runtime#f163acbdb0fcc9be2065a34eb4fc797093f6d0ce"

"vtex.responsive-layout@http://vtex.vtexassets.com/_v/public/typings/v1/vtex.responsive-layout@0.1.4/public/@types/vtex.responsive-layout":
  version "0.1.4"
  resolved "http://vtex.vtexassets.com/_v/public/typings/v1/vtex.responsive-layout@0.1.4/public/@types/vtex.responsive-layout#e67d61ec1e308accb4e0ef2bd172fe04a41bf662"

"vtex.rich-text@http://vtex.vtexassets.com/_v/public/typings/v1/vtex.rich-text@0.16.0/public/@types/vtex.rich-text":
  version "0.16.0"
  resolved "http://vtex.vtexassets.com/_v/public/typings/v1/vtex.rich-text@0.16.0/public/@types/vtex.rich-text#0cdcaccffb37ae0d025894ba7055f69bc3c9aa30"

"vtex.search-result@http://vtex.vtexassets.com/_v/public/typings/v1/vtex.search-result@3.141.0/public/@types/vtex.search-result":
  version "3.141.0"
  resolved "http://vtex.vtexassets.com/_v/public/typings/v1/vtex.search-result@3.141.0/public/@types/vtex.search-result#a942da394823978f7db5dc191c2138fb8aac00b6"

"vtex.search@http://vtex.vtexassets.com/_v/public/typings/v1/vtex.search@2.18.7/public/@types/vtex.search":
  version "2.18.7"
  resolved "http://vtex.vtexassets.com/_v/public/typings/v1/vtex.search@2.18.7/public/@types/vtex.search#8952340e05e5d3b961271b5b862f519765b3165b"

"vtex.shelf@http://vtex.vtexassets.com/_v/public/typings/v1/vtex.shelf@1.49.0/public/@types/vtex.shelf":
  version "1.49.0"
  resolved "http://vtex.vtexassets.com/_v/public/typings/v1/vtex.shelf@1.49.0/public/@types/vtex.shelf#32b849d3bd8bf07570cca0de801ee9a8708b869c"

"vtex.slider-layout@http://vtex.vtexassets.com/_v/public/typings/v1/vtex.slider-layout@0.24.8/public/@types/vtex.slider-layout":
  version "0.24.8"
  resolved "http://vtex.vtexassets.com/_v/public/typings/v1/vtex.slider-layout@0.24.8/public/@types/vtex.slider-layout#81ed1c25ce83e64f4795b67595c15b7aeb53e341"

"vtex.stack-layout@http://vtex.vtexassets.com/_v/public/typings/v1/vtex.stack-layout@0.1.3/public/@types/vtex.stack-layout":
  version "0.1.3"
  resolved "http://vtex.vtexassets.com/_v/public/typings/v1/vtex.stack-layout@0.1.3/public/@types/vtex.stack-layout#4a65fbcbc1352d5c72acc74ebb2ebb9bda3781b9"

"vtex.sticky-layout@http://vtex.vtexassets.com/_v/public/typings/v1/vtex.sticky-layout@0.3.6/public/@types/vtex.sticky-layout":
  version "0.3.6"
  resolved "http://vtex.vtexassets.com/_v/public/typings/v1/vtex.sticky-layout@0.3.6/public/@types/vtex.sticky-layout#9d4ffb0b26eedbf569925a19d302de82fbb7af83"

"vtex.store-components@http://vtex.vtexassets.com/_v/public/typings/v1/vtex.store-components@3.178.5/public/@types/vtex.store-components":
  version "3.178.5"
  resolved "http://vtex.vtexassets.com/_v/public/typings/v1/vtex.store-components@3.178.5/public/@types/vtex.store-components#8d18db70ed144e3b20fef7efad621c78e24c94a1"

"vtex.store-drawer@http://vtex.vtexassets.com/_v/public/typings/v1/vtex.store-drawer@0.18.1/public/@types/vtex.store-drawer":
  version "0.18.1"
  resolved "http://vtex.vtexassets.com/_v/public/typings/v1/vtex.store-drawer@0.18.1/public/@types/vtex.store-drawer#6a9c41b35d9f992c7683f2d275c0817271619075"

"vtex.store-footer@http://vtex.vtexassets.com/_v/public/typings/v1/vtex.store-footer@2.27.0/public/@types/vtex.store-footer":
  version "2.27.0"
  resolved "http://vtex.vtexassets.com/_v/public/typings/v1/vtex.store-footer@2.27.0/public/@types/vtex.store-footer#81c4e23689a6d4e97d6b8b8de930f76c7dfdcbd9"

"vtex.store-header@http://vtex.vtexassets.com/_v/public/typings/v1/vtex.store-header@2.29.0/public/@types/vtex.store-header":
  version "2.29.0"
  resolved "http://vtex.vtexassets.com/_v/public/typings/v1/vtex.store-header@2.29.0/public/@types/vtex.store-header#702033f782c6c25ae2fed42b5a3703db5fd1ac87"

"vtex.store-icons@http://vtex.vtexassets.com/_v/public/typings/v1/vtex.store-icons@0.18.0/public/@types/vtex.store-icons":
  version "0.18.0"
  resolved "http://vtex.vtexassets.com/_v/public/typings/v1/vtex.store-icons@0.18.0/public/@types/vtex.store-icons#0ee94d549aa283ce3a13ab987c13eac4fdfd1bba"

"vtex.store-image@http://vtex.vtexassets.com/_v/public/typings/v1/vtex.store-image@0.23.1/public/@types/vtex.store-image":
  version "0.23.1"
  resolved "http://vtex.vtexassets.com/_v/public/typings/v1/vtex.store-image@0.23.1/public/@types/vtex.store-image#057991d97102568bcd7b1dadfd11e5e8ae6f2d98"

"vtex.store-link@http://vtex.vtexassets.com/_v/public/typings/v1/vtex.store-link@0.9.3/public/@types/vtex.store-link":
  version "0.9.3"
  resolved "http://vtex.vtexassets.com/_v/public/typings/v1/vtex.store-link@0.9.3/public/@types/vtex.store-link#aedb5f66c1d478bcc14041f6232fa30a912a88fd"

"vtex.store@http://vtex.vtexassets.com/_v/public/typings/v1/vtex.store@2.143.0/public/@types/vtex.store":
  version "2.143.0"
  resolved "http://vtex.vtexassets.com/_v/public/typings/v1/vtex.store@2.143.0/public/@types/vtex.store#040f75b157319fc854b749fcfcc4c7714b01e66a"

"vtex.styleguide@http://vtex.vtexassets.com/_v/public/typings/v1/vtex.styleguide@9.146.14/public/@types/vtex.styleguide":
  version "9.146.14"
  resolved "http://vtex.vtexassets.com/_v/public/typings/v1/vtex.styleguide@9.146.14/public/@types/vtex.styleguide#88ebb29e191a947a7be9f500814a7256297c7e60"

"vtex.tab-layout@http://vtex.vtexassets.com/_v/public/typings/v1/vtex.tab-layout@0.4.6/public/@types/vtex.tab-layout":
  version "0.4.6"
  resolved "http://vtex.vtexassets.com/_v/public/typings/v1/vtex.tab-layout@0.4.6/public/@types/vtex.tab-layout#d0331c51239c0f677e1e405a967eb3e7dcad5cb9"

"vtex.telemarketing@http://vtex.vtexassets.com/_v/public/typings/v1/vtex.telemarketing@2.12.1/public/@types/vtex.telemarketing":
  version "2.12.1"
  resolved "http://vtex.vtexassets.com/_v/public/typings/v1/vtex.telemarketing@2.12.1/public/@types/vtex.telemarketing#0b43598b66598b4085af04268140ea8a8d84e263"

"vtex.wish-list@http://vtex.vtexassets.com/_v/public/typings/v1/vtex.wish-list@1.18.2/public/@types/vtex.wish-list":
  version "1.18.2"
  resolved "http://vtex.vtexassets.com/_v/public/typings/v1/vtex.wish-list@1.18.2/public/@types/vtex.wish-list#a7c756efa45b11a9548279e9014a971562147c20"

"wecode.bebece-exercicio@https://gabrieldevtestes--wecode.myvtex.com/_v/private/typings/linked/v1/wecode.bebece-exercicio@0.1.2+build1762260130/public/@types/wecode.bebece-exercicio":
  version "0.1.2"
  resolved "https://gabrieldevtestes--wecode.myvtex.com/_v/private/typings/linked/v1/wecode.bebece-exercicio@0.1.2+build1762260130/public/@types/wecode.bebece-exercicio#eb4e574cbaa7bd7dbf332e1d975ba2e5358a81a5"
